
Microsoft Visual Studio Solution File, Format Version 12.00
# Visual Studio Version 16
VisualStudioVersion = 16.0.31410.357
MinimumVisualStudioVersion = 10.0.40219.1
Project("{FAE04EC0-301F-11D3-BF4B-00C04F79EFBC}") = "DeWPF", "DeWPF\DeWPF.csproj", "{66E0D90B-CD20-4A23-B4D5-DA9A0914A343}"
EndProject
Global
	GlobalSection(SolutionConfigurationPlatforms) = preSolution
		Debug|Any CPU = Debug|Any CPU
		Release|Any CPU = Release|Any CPU
	EndGlobalSection
	GlobalSection(ProjectConfigurationPlatforms) = postSolution
		{66E0D90B-CD20-4A23-B4D5-DA9A0914A343}.Debug|Any CPU.ActiveCfg = Debug|Any CPU
		{66E0D90B-CD20-4A23-B4D5-DA9A0914A343}.Debug|Any CPU.Build.0 = Debug|Any CPU
		{66E0D90B-CD20-4A23-B4D5-DA9A0914A343}.Release|Any CPU.ActiveCfg = Release|Any CPU
		{66E0D90B-CD20-4A23-B4D5-DA9A0914A343}.Release|Any CPU.Build.0 = Release|Any CPU
	EndGlobalSection
	GlobalSection(SolutionProperties) = preSolution
		HideSolutionNode = FALSE
	EndGlobalSection
	GlobalSection(ExtensibilityGlobals) = postSolution
		SolutionGuid = {DD51425E-54B9-489A-AB2A-EC043156E01F}
	EndGlobalSection
EndGlobal
